
Microsoft Visual Studio Solution File, Format Version 12.00
# Visual Studio Version 17
VisualStudioVersion = 17.1.32319.34
MinimumVisualStudioVersion = 10.0.40219.1
Project("{FAE04EC0-301F-11D3-BF4B-00C04F79EFBC}") = "MVP_Task", "MVP_Task\MVP_Task.csproj", "{DBC7F992-AC18-4A4A-9D45-BE2E1F50BC2A}"
EndProject
Global
	GlobalSection(SolutionConfigurationPlatforms) = preSolution
		Debug|Any CPU = Debug|Any CPU
		Release|Any CPU = Release|Any CPU
	EndGlobalSection
	GlobalSection(ProjectConfigurationPlatforms) = postSolution
		{DBC7F992-AC18-4A4A-9D45-BE2E1F50BC2A}.Debug|Any CPU.ActiveCfg = Debug|Any CPU
		{DBC7F992-AC18-4A4A-9D45-BE2E1F50BC2A}.Debug|Any CPU.Build.0 = Debug|Any CPU
		{DBC7F992-AC18-4A4A-9D45-BE2E1F50BC2A}.Release|Any CPU.ActiveCfg = Release|Any CPU
		{DBC7F992-AC18-4A4A-9D45-BE2E1F50BC2A}.Release|Any CPU.Build.0 = Release|Any CPU
	EndGlobalSection
	GlobalSection(SolutionProperties) = preSolution
		HideSolutionNode = FALSE
	EndGlobalSection
	GlobalSection(ExtensibilityGlobals) = postSolution
		SolutionGuid = {BB137A15-44D6-4529-A8CD-7DE1E3A711F6}
	EndGlobalSection
EndGlobal
